
Microsoft Visual Studio Solution File, Format Version 12.00
# Visual Studio 15
VisualStudioVersion = 15.0.28010.2026
MinimumVisualStudioVersion = 10.0.40219.1
Project("{9A19103F-16F7-4668-BE54-9A1E7A4F7556}") = "PracticeDotNet", "PracticeDotNet\PracticeDotNet.csproj", "{2211D8DF-B474-4A55-8FB4-68FA6E52FFCB}"
EndProject
Project("{FAE04EC0-301F-11D3-BF4B-00C04F79EFBC}") = "WinFormsApp", "WinFormsApp\WinFormsApp.csproj", "{99A16B7F-CC64-428E-A4D0-AADBED2F240A}"
EndProject
Global
	GlobalSection(SolutionConfigurationPlatforms) = preSolution
		Debug|Any CPU = Debug|Any CPU
		Debug|Win32 = Debug|Win32
		Debug|x64 = Debug|x64
		Debug|x86 = Debug|x86
		Release|Any CPU = Release|Any CPU
		Release|Win32 = Release|Win32
		Release|x64 = Release|x64
		Release|x86 = Release|x86
	EndGlobalSection
	GlobalSection(ProjectConfigurationPlatforms) = postSolution
		{2211D8DF-B474-4A55-8FB4-68FA6E52FFCB}.Debug|Any CPU.ActiveCfg = Debug|x86
		{2211D8DF-B474-4A55-8FB4-68FA6E52FFCB}.Debug|Any CPU.Build.0 = Debug|x86
		{2211D8DF-B474-4A55-8FB4-68FA6E52FFCB}.Debug|Win32.ActiveCfg = Debug|Any CPU
		{2211D8DF-B474-4A55-8FB4-68FA6E52FFCB}.Debug|Win32.Build.0 = Debug|Any CPU
		{2211D8DF-B474-4A55-8FB4-68FA6E52FFCB}.Debug|x64.ActiveCfg = Debug|x64
		{2211D8DF-B474-4A55-8FB4-68FA6E52FFCB}.Debug|x64.Build.0 = Debug|x64
		{2211D8DF-B474-4A55-8FB4-68FA6E52FFCB}.Debug|x86.ActiveCfg = Debug|x86
		{2211D8DF-B474-4A55-8FB4-68FA6E52FFCB}.Debug|x86.Build.0 = Debug|x86
		{2211D8DF-B474-4A55-8FB4-68FA6E52FFCB}.Release|Any CPU.ActiveCfg = Release|Any CPU
		{2211D8DF-B474-4A55-8FB4-68FA6E52FFCB}.Release|Any CPU.Build.0 = Release|Any CPU
		{2211D8DF-B474-4A55-8FB4-68FA6E52FFCB}.Release|Win32.ActiveCfg = Release|Any CPU
		{2211D8DF-B474-4A55-8FB4-68FA6E52FFCB}.Release|Win32.Build.0 = Release|Any CPU
		{2211D8DF-B474-4A55-8FB4-68FA6E52FFCB}.Release|x64.ActiveCfg = Release|x64
		{2211D8DF-B474-4A55-8FB4-68FA6E52FFCB}.Release|x64.Build.0 = Release|x64
		{2211D8DF-B474-4A55-8FB4-68FA6E52FFCB}.Release|x86.ActiveCfg = Release|Any CPU
		{2211D8DF-B474-4A55-8FB4-68FA6E52FFCB}.Release|x86.Build.0 = Release|Any CPU
		{99A16B7F-CC64-428E-A4D0-AADBED2F240A}.Debug|Any CPU.ActiveCfg = Debug|Any CPU
		{99A16B7F-CC64-428E-A4D0-AADBED2F240A}.Debug|Any CPU.Build.0 = Debug|Any CPU
		{99A16B7F-CC64-428E-A4D0-AADBED2F240A}.Debug|Win32.ActiveCfg = Debug|Any CPU
		{99A16B7F-CC64-428E-A4D0-AADBED2F240A}.Debug|Win32.Build.0 = Debug|Any CPU
		{99A16B7F-CC64-428E-A4D0-AADBED2F240A}.Debug|x64.ActiveCfg = Debug|Any CPU
		{99A16B7F-CC64-428E-A4D0-AADBED2F240A}.Debug|x64.Build.0 = Debug|Any CPU
		{99A16B7F-CC64-428E-A4D0-AADBED2F240A}.Debug|x86.ActiveCfg = Debug|Any CPU
		{99A16B7F-CC64-428E-A4D0-AADBED2F240A}.Debug|x86.Build.0 = Debug|Any CPU
		{99A16B7F-CC64-428E-A4D0-AADBED2F240A}.Release|Any CPU.ActiveCfg = Release|Any CPU
		{99A16B7F-CC64-428E-A4D0-AADBED2F240A}.Release|Any CPU.Build.0 = Release|Any CPU
		{99A16B7F-CC64-428E-A4D0-AADBED2F240A}.Release|Win32.ActiveCfg = Release|Any CPU
		{99A16B7F-CC64-428E-A4D0-AADBED2F240A}.Release|Win32.Build.0 = Release|Any CPU
		{99A16B7F-CC64-428E-A4D0-AADBED2F240A}.Release|x64.ActiveCfg = Release|Any CPU
		{99A16B7F-CC64-428E-A4D0-AADBED2F240A}.Release|x64.Build.0 = Release|Any CPU
		{99A16B7F-CC64-428E-A4D0-AADBED2F240A}.Release|x86.ActiveCfg = Release|Any CPU
		{99A16B7F-CC64-428E-A4D0-AADBED2F240A}.Release|x86.Build.0 = Release|Any CPU
	EndGlobalSection
	GlobalSection(SolutionProperties) = preSolution
		HideSolutionNode = FALSE
	EndGlobalSection
	GlobalSection(ExtensibilityGlobals) = postSolution
		SolutionGuid = {D6AFDBB2-0449-4614-8328-6AF8F5F131EC}
	EndGlobalSection
EndGlobal
