
Microsoft Visual Studio Solution File, Format Version 12.00
# Visual Studio 15
VisualStudioVersion = 15.0.28010.2026
MinimumVisualStudioVersion = 10.0.40219.1
Project("{9A19103F-16F7-4668-BE54-9A1E7A4F7556}") = "PracticeDotNet", "PracticeDotNet\PracticeDotNet.csproj", "{2211D8DF-B474-4A55-8FB4-68FA6E52FFCB}"
EndProject
Project("{FAE04EC0-301F-11D3-BF4B-00C04F79EFBC}") = "WinFormsApp", "WinFormsApp\WinFormsApp.csproj", "{99A16B7F-CC64-428E-A4D0-AADBED2F240A}"
EndProject
Project("{9A19103F-16F7-4668-BE54-9A1E7A4F7556}") = "SailHeCSharpClassLib", "SailHeCSharpClassLib\SailHeCSharpClassLib.csproj", "{66E33102-78BA-438E-A18A-F3ADFE5E4998}"
EndProject
Project("{FAE04EC0-301F-11D3-BF4B-00C04F79EFBC}") = "ConsoleApp", "ConsoleApp\ConsoleApp.csproj", "{6B560A96-127B-4E48-8AF3-8D8176D6E50E}"
EndProject
Project("{FAE04EC0-301F-11D3-BF4B-00C04F79EFBC}") = "WebApp", "WebApp\WebApp.csproj", "{9DC64AE7-8DD0-4ECD-9571-CB49A87D4E62}"
EndProject
Global
	GlobalSection(SolutionConfigurationPlatforms) = preSolution
		Debug|Any CPU = Debug|Any CPU
		Debug|Win32 = Debug|Win32
		Debug|x64 = Debug|x64
		Debug|x86 = Debug|x86
		Release|Any CPU = Release|Any CPU
		Release|Win32 = Release|Win32
		Release|x64 = Release|x64
		Release|x86 = Release|x86
	EndGlobalSection
	GlobalSection(ProjectConfigurationPlatforms) = postSolution
		{2211D8DF-B474-4A55-8FB4-68FA6E52FFCB}.Debug|Any CPU.ActiveCfg = Debug|Any CPU
		{2211D8DF-B474-4A55-8FB4-68FA6E52FFCB}.Debug|Any CPU.Build.0 = Debug|Any CPU
		{2211D8DF-B474-4A55-8FB4-68FA6E52FFCB}.Debug|Win32.ActiveCfg = Debug|Any CPU
		{2211D8DF-B474-4A55-8FB4-68FA6E52FFCB}.Debug|Win32.Build.0 = Debug|Any CPU
		{2211D8DF-B474-4A55-8FB4-68FA6E52FFCB}.Debug|x64.ActiveCfg = Debug|x64
		{2211D8DF-B474-4A55-8FB4-68FA6E52FFCB}.Debug|x64.Build.0 = Debug|x64
		{2211D8DF-B474-4A55-8FB4-68FA6E52FFCB}.Debug|x86.ActiveCfg = Debug|x86
		{2211D8DF-B474-4A55-8FB4-68FA6E52FFCB}.Debug|x86.Build.0 = Debug|x86
		{2211D8DF-B474-4A55-8FB4-68FA6E52FFCB}.Release|Any CPU.ActiveCfg = Release|Any CPU
		{2211D8DF-B474-4A55-8FB4-68FA6E52FFCB}.Release|Any CPU.Build.0 = Release|Any CPU
		{2211D8DF-B474-4A55-8FB4-68FA6E52FFCB}.Release|Win32.ActiveCfg = Release|Any CPU
		{2211D8DF-B474-4A55-8FB4-68FA6E52FFCB}.Release|Win32.Build.0 = Release|Any CPU
		{2211D8DF-B474-4A55-8FB4-68FA6E52FFCB}.Release|x64.ActiveCfg = Release|x64
		{2211D8DF-B474-4A55-8FB4-68FA6E52FFCB}.Release|x64.Build.0 = Release|x64
		{2211D8DF-B474-4A55-8FB4-68FA6E52FFCB}.Release|x86.ActiveCfg = Release|Any CPU
		{2211D8DF-B474-4A55-8FB4-68FA6E52FFCB}.Release|x86.Build.0 = Release|Any CPU
		{99A16B7F-CC64-428E-A4D0-AADBED2F240A}.Debug|Any CPU.ActiveCfg = Debug|Any CPU
		{99A16B7F-CC64-428E-A4D0-AADBED2F240A}.Debug|Any CPU.Build.0 = Debug|Any CPU
		{99A16B7F-CC64-428E-A4D0-AADBED2F240A}.Debug|Win32.ActiveCfg = Debug|Any CPU
		{99A16B7F-CC64-428E-A4D0-AADBED2F240A}.Debug|Win32.Build.0 = Debug|Any CPU
		{99A16B7F-CC64-428E-A4D0-AADBED2F240A}.Debug|x64.ActiveCfg = Debug|Any CPU
		{99A16B7F-CC64-428E-A4D0-AADBED2F240A}.Debug|x64.Build.0 = Debug|Any CPU
		{99A16B7F-CC64-428E-A4D0-AADBED2F240A}.Debug|x86.ActiveCfg = Debug|Any CPU
		{99A16B7F-CC64-428E-A4D0-AADBED2F240A}.Debug|x86.Build.0 = Debug|Any CPU
		{99A16B7F-CC64-428E-A4D0-AADBED2F240A}.Release|Any CPU.ActiveCfg = Release|Any CPU
		{99A16B7F-CC64-428E-A4D0-AADBED2F240A}.Release|Any CPU.Build.0 = Release|Any CPU
		{99A16B7F-CC64-428E-A4D0-AADBED2F240A}.Release|Win32.ActiveCfg = Release|Any CPU
		{99A16B7F-CC64-428E-A4D0-AADBED2F240A}.Release|Win32.Build.0 = Release|Any CPU
		{99A16B7F-CC64-428E-A4D0-AADBED2F240A}.Release|x64.ActiveCfg = Release|Any CPU
		{99A16B7F-CC64-428E-A4D0-AADBED2F240A}.Release|x64.Build.0 = Release|Any CPU
		{99A16B7F-CC64-428E-A4D0-AADBED2F240A}.Release|x86.ActiveCfg = Release|Any CPU
		{99A16B7F-CC64-428E-A4D0-AADBED2F240A}.Release|x86.Build.0 = Release|Any CPU
		{66E33102-78BA-438E-A18A-F3ADFE5E4998}.Debug|Any CPU.ActiveCfg = Debug|Any CPU
		{66E33102-78BA-438E-A18A-F3ADFE5E4998}.Debug|Any CPU.Build.0 = Debug|Any CPU
		{66E33102-78BA-438E-A18A-F3ADFE5E4998}.Debug|Win32.ActiveCfg = Debug|Any CPU
		{66E33102-78BA-438E-A18A-F3ADFE5E4998}.Debug|Win32.Build.0 = Debug|Any CPU
		{66E33102-78BA-438E-A18A-F3ADFE5E4998}.Debug|x64.ActiveCfg = Debug|Any CPU
		{66E33102-78BA-438E-A18A-F3ADFE5E4998}.Debug|x64.Build.0 = Debug|Any CPU
		{66E33102-78BA-438E-A18A-F3ADFE5E4998}.Debug|x86.ActiveCfg = Debug|Any CPU
		{66E33102-78BA-438E-A18A-F3ADFE5E4998}.Debug|x86.Build.0 = Debug|Any CPU
		{66E33102-78BA-438E-A18A-F3ADFE5E4998}.Release|Any CPU.ActiveCfg = Release|Any CPU
		{66E33102-78BA-438E-A18A-F3ADFE5E4998}.Release|Any CPU.Build.0 = Release|Any CPU
		{66E33102-78BA-438E-A18A-F3ADFE5E4998}.Release|Win32.ActiveCfg = Release|Any CPU
		{66E33102-78BA-438E-A18A-F3ADFE5E4998}.Release|Win32.Build.0 = Release|Any CPU
		{66E33102-78BA-438E-A18A-F3ADFE5E4998}.Release|x64.ActiveCfg = Release|Any CPU
		{66E33102-78BA-438E-A18A-F3ADFE5E4998}.Release|x64.Build.0 = Release|Any CPU
		{66E33102-78BA-438E-A18A-F3ADFE5E4998}.Release|x86.ActiveCfg = Release|Any CPU
		{66E33102-78BA-438E-A18A-F3ADFE5E4998}.Release|x86.Build.0 = Release|Any CPU
		{6B560A96-127B-4E48-8AF3-8D8176D6E50E}.Debug|Any CPU.ActiveCfg = Debug|Any CPU
		{6B560A96-127B-4E48-8AF3-8D8176D6E50E}.Debug|Any CPU.Build.0 = Debug|Any CPU
		{6B560A96-127B-4E48-8AF3-8D8176D6E50E}.Debug|Win32.ActiveCfg = Debug|Any CPU
		{6B560A96-127B-4E48-8AF3-8D8176D6E50E}.Debug|Win32.Build.0 = Debug|Any CPU
		{6B560A96-127B-4E48-8AF3-8D8176D6E50E}.Debug|x64.ActiveCfg = Debug|Any CPU
		{6B560A96-127B-4E48-8AF3-8D8176D6E50E}.Debug|x64.Build.0 = Debug|Any CPU
		{6B560A96-127B-4E48-8AF3-8D8176D6E50E}.Debug|x86.ActiveCfg = Debug|Any CPU
		{6B560A96-127B-4E48-8AF3-8D8176D6E50E}.Debug|x86.Build.0 = Debug|Any CPU
		{6B560A96-127B-4E48-8AF3-8D8176D6E50E}.Release|Any CPU.ActiveCfg = Release|Any CPU
		{6B560A96-127B-4E48-8AF3-8D8176D6E50E}.Release|Any CPU.Build.0 = Release|Any CPU
		{6B560A96-127B-4E48-8AF3-8D8176D6E50E}.Release|Win32.ActiveCfg = Release|Any CPU
		{6B560A96-127B-4E48-8AF3-8D8176D6E50E}.Release|Win32.Build.0 = Release|Any CPU
		{6B560A96-127B-4E48-8AF3-8D8176D6E50E}.Release|x64.ActiveCfg = Release|Any CPU
		{6B560A96-127B-4E48-8AF3-8D8176D6E50E}.Release|x64.Build.0 = Release|Any CPU
		{6B560A96-127B-4E48-8AF3-8D8176D6E50E}.Release|x86.ActiveCfg = Release|Any CPU
		{6B560A96-127B-4E48-8AF3-8D8176D6E50E}.Release|x86.Build.0 = Release|Any CPU
		{9DC64AE7-8DD0-4ECD-9571-CB49A87D4E62}.Debug|Any CPU.ActiveCfg = Debug|Any CPU
		{9DC64AE7-8DD0-4ECD-9571-CB49A87D4E62}.Debug|Any CPU.Build.0 = Debug|Any CPU
		{9DC64AE7-8DD0-4ECD-9571-CB49A87D4E62}.Debug|Win32.ActiveCfg = Debug|Any CPU
		{9DC64AE7-8DD0-4ECD-9571-CB49A87D4E62}.Debug|Win32.Build.0 = Debug|Any CPU
		{9DC64AE7-8DD0-4ECD-9571-CB49A87D4E62}.Debug|x64.ActiveCfg = Debug|Any CPU
		{9DC64AE7-8DD0-4ECD-9571-CB49A87D4E62}.Debug|x64.Build.0 = Debug|Any CPU
		{9DC64AE7-8DD0-4ECD-9571-CB49A87D4E62}.Debug|x86.ActiveCfg = Debug|Any CPU
		{9DC64AE7-8DD0-4ECD-9571-CB49A87D4E62}.Debug|x86.Build.0 = Debug|Any CPU
		{9DC64AE7-8DD0-4ECD-9571-CB49A87D4E62}.Release|Any CPU.ActiveCfg = Release|Any CPU
		{9DC64AE7-8DD0-4ECD-9571-CB49A87D4E62}.Release|Any CPU.Build.0 = Release|Any CPU
		{9DC64AE7-8DD0-4ECD-9571-CB49A87D4E62}.Release|Win32.ActiveCfg = Release|Any CPU
		{9DC64AE7-8DD0-4ECD-9571-CB49A87D4E62}.Release|Win32.Build.0 = Release|Any CPU
		{9DC64AE7-8DD0-4ECD-9571-CB49A87D4E62}.Release|x64.ActiveCfg = Release|Any CPU
		{9DC64AE7-8DD0-4ECD-9571-CB49A87D4E62}.Release|x64.Build.0 = Release|Any CPU
		{9DC64AE7-8DD0-4ECD-9571-CB49A87D4E62}.Release|x86.ActiveCfg = Release|Any CPU
		{9DC64AE7-8DD0-4ECD-9571-CB49A87D4E62}.Release|x86.Build.0 = Release|Any CPU
	EndGlobalSection
	GlobalSection(SolutionProperties) = preSolution
		HideSolutionNode = FALSE
	EndGlobalSection
	GlobalSection(ExtensibilityGlobals) = postSolution
		SolutionGuid = {D6AFDBB2-0449-4614-8328-6AF8F5F131EC}
	EndGlobalSection
EndGlobal
